# THIS IS AN AUTOGENERATED FILE. DO NOT EDIT THIS FILE DIRECTLY.
# yarn lockfile v1


dotenv@^8.2.0:
  version "8.2.0"
  resolved "https://registry.yarnpkg.com/dotenv/-/dotenv-8.2.0.tgz#97e619259ada750eea3e4ea3e26bceea5424b16a"
  integrity sha512-8sJ78ElpbDJBHNeBzUbUVLsqKdccaa/BXF1uPTw3GrvQTBgrQrtObr2mUrE38vzYd8cEv+m/JBfDLioYcfXoaw==

radius@^1.1.4:
  version "1.1.4"
  resolved "https://registry.yarnpkg.com/radius/-/radius-1.1.4.tgz#3ce58d18a497d615618bc7d9286464ebecb50cb5"
  integrity sha512-UWuzdF6xf3NpsXFZZmUEkxtEalDXj8hdmMXgbGzn7vOk6zXNsiIY2I6SJ1euHt7PTQuMoz2qDEJB+AfJDJgQYw==
